
Microsoft Visual Studio Solution File, Format Version 12.00
# Visual Studio Version 16
VisualStudioVersion = 16.0.31729.503
MinimumVisualStudioVersion = 10.0.40219.1
Project("{9A19103F-16F7-4668-BE54-9A1E7A4F7556}") = "Entidades", "Entidades\Entidades.csproj", "{C4566E00-1BD9-4937-8BA1-6E79E1E77570}"
EndProject
Project("{FAE04EC0-301F-11D3-BF4B-00C04F79EFBC}") = "Test", "Test\Test.csproj", "{AB3B0C68-FF83-43B7-889F-624697B21125}"
EndProject
Global
	GlobalSection(SolutionConfigurationPlatforms) = preSolution
		Debug|Any CPU = Debug|Any CPU
		Release|Any CPU = Release|Any CPU
	EndGlobalSection
	GlobalSection(ProjectConfigurationPlatforms) = postSolution
		{C4566E00-1BD9-4937-8BA1-6E79E1E77570}.Debug|Any CPU.ActiveCfg = Debug|Any CPU
		{C4566E00-1BD9-4937-8BA1-6E79E1E77570}.Debug|Any CPU.Build.0 = Debug|Any CPU
		{C4566E00-1BD9-4937-8BA1-6E79E1E77570}.Release|Any CPU.ActiveCfg = Release|Any CPU
		{C4566E00-1BD9-4937-8BA1-6E79E1E77570}.Release|Any CPU.Build.0 = Release|Any CPU
		{AB3B0C68-FF83-43B7-889F-624697B21125}.Debug|Any CPU.ActiveCfg = Debug|Any CPU
		{AB3B0C68-FF83-43B7-889F-624697B21125}.Debug|Any CPU.Build.0 = Debug|Any CPU
		{AB3B0C68-FF83-43B7-889F-624697B21125}.Release|Any CPU.ActiveCfg = Release|Any CPU
		{AB3B0C68-FF83-43B7-889F-624697B21125}.Release|Any CPU.Build.0 = Release|Any CPU
	EndGlobalSection
	GlobalSection(SolutionProperties) = preSolution
		HideSolutionNode = FALSE
	EndGlobalSection
	GlobalSection(ExtensibilityGlobals) = postSolution
		SolutionGuid = {5C5F6A74-2438-48D7-BEA8-938FD4AF2BA7}
	EndGlobalSection
EndGlobal
