
Microsoft Visual Studio Solution File, Format Version 12.00
# Visual Studio Version 16
VisualStudioVersion = 16.0.31613.86
MinimumVisualStudioVersion = 10.0.40219.1
Project("{FAE04EC0-301F-11D3-BF4B-00C04F79EFBC}") = "MiCalculadora", "MiCalculadora\MiCalculadora.csproj", "{B1616703-CBC5-4FD3-BDD9-9F2D6B5BBAAB}"
EndProject
Project("{FAE04EC0-301F-11D3-BF4B-00C04F79EFBC}") = "Entidades", "Entidades\Entidades.csproj", "{9574ACED-A48F-4FF3-813C-03D7B4B26E6F}"
EndProject
Global
	GlobalSection(SolutionConfigurationPlatforms) = preSolution
		Debug|Any CPU = Debug|Any CPU
		Release|Any CPU = Release|Any CPU
	EndGlobalSection
	GlobalSection(ProjectConfigurationPlatforms) = postSolution
		{B1616703-CBC5-4FD3-BDD9-9F2D6B5BBAAB}.Debug|Any CPU.ActiveCfg = Debug|Any CPU
		{B1616703-CBC5-4FD3-BDD9-9F2D6B5BBAAB}.Debug|Any CPU.Build.0 = Debug|Any CPU
		{B1616703-CBC5-4FD3-BDD9-9F2D6B5BBAAB}.Release|Any CPU.ActiveCfg = Release|Any CPU
		{B1616703-CBC5-4FD3-BDD9-9F2D6B5BBAAB}.Release|Any CPU.Build.0 = Release|Any CPU
		{9574ACED-A48F-4FF3-813C-03D7B4B26E6F}.Debug|Any CPU.ActiveCfg = Debug|Any CPU
		{9574ACED-A48F-4FF3-813C-03D7B4B26E6F}.Debug|Any CPU.Build.0 = Debug|Any CPU
		{9574ACED-A48F-4FF3-813C-03D7B4B26E6F}.Release|Any CPU.ActiveCfg = Release|Any CPU
		{9574ACED-A48F-4FF3-813C-03D7B4B26E6F}.Release|Any CPU.Build.0 = Release|Any CPU
	EndGlobalSection
	GlobalSection(SolutionProperties) = preSolution
		HideSolutionNode = FALSE
	EndGlobalSection
	GlobalSection(ExtensibilityGlobals) = postSolution
		SolutionGuid = {C2A42B34-C022-4BB8-AD19-A3A1E830B380}
	EndGlobalSection
EndGlobal
